
Microsoft Visual Studio Solution File, Format Version 12.00
# Visual Studio Version 17
VisualStudioVersion = 17.0.31903.59
MinimumVisualStudioVersion = 10.0.40219.1
Project("{FAE04EC0-301F-11D3-BF4B-00C04F79EFBC}") = "API", "API\API.csproj", "{E44C6D7D-CA69-4B08-8E38-3B2339EE807B}"
EndProject
Project("{FAE04EC0-301F-11D3-BF4B-00C04F79EFBC}") = "Core", "Core\Core.csproj", "{19399E5D-4A47-489E-A85C-80330C36588B}"
EndProject
Project("{FAE04EC0-301F-11D3-BF4B-00C04F79EFBC}") = "Infrastructure", "Infrastructure\Infrastructure.csproj", "{802A4C34-FE01-4957-ACB3-3368A60808FD}"
EndProject
Global
	GlobalSection(SolutionConfigurationPlatforms) = preSolution
		Debug|Any CPU = Debug|Any CPU
		Release|Any CPU = Release|Any CPU
	EndGlobalSection
	GlobalSection(SolutionProperties) = preSolution
		HideSolutionNode = FALSE
	EndGlobalSection
	GlobalSection(ProjectConfigurationPlatforms) = postSolution
		{E44C6D7D-CA69-4B08-8E38-3B2339EE807B}.Debug|Any CPU.ActiveCfg = Debug|Any CPU
		{E44C6D7D-CA69-4B08-8E38-3B2339EE807B}.Debug|Any CPU.Build.0 = Debug|Any CPU
		{E44C6D7D-CA69-4B08-8E38-3B2339EE807B}.Release|Any CPU.ActiveCfg = Release|Any CPU
		{E44C6D7D-CA69-4B08-8E38-3B2339EE807B}.Release|Any CPU.Build.0 = Release|Any CPU
		{19399E5D-4A47-489E-A85C-80330C36588B}.Debug|Any CPU.ActiveCfg = Debug|Any CPU
		{19399E5D-4A47-489E-A85C-80330C36588B}.Debug|Any CPU.Build.0 = Debug|Any CPU
		{19399E5D-4A47-489E-A85C-80330C36588B}.Release|Any CPU.ActiveCfg = Release|Any CPU
		{19399E5D-4A47-489E-A85C-80330C36588B}.Release|Any CPU.Build.0 = Release|Any CPU
		{802A4C34-FE01-4957-ACB3-3368A60808FD}.Debug|Any CPU.ActiveCfg = Debug|Any CPU
		{802A4C34-FE01-4957-ACB3-3368A60808FD}.Debug|Any CPU.Build.0 = Debug|Any CPU
		{802A4C34-FE01-4957-ACB3-3368A60808FD}.Release|Any CPU.ActiveCfg = Release|Any CPU
		{802A4C34-FE01-4957-ACB3-3368A60808FD}.Release|Any CPU.Build.0 = Release|Any CPU
	EndGlobalSection
EndGlobal
